
Microsoft Visual Studio Solution File, Format Version 12.00
# Visual Studio Version 16
VisualStudioVersion = 16.0.30204.135
MinimumVisualStudioVersion = 10.0.40219.1
Project("{FAE04EC0-301F-11D3-BF4B-00C04F79EFBC}") = "teaching_if_conditions", "teaching_if_conditions\teaching_if_conditions.csproj", "{2E17C13B-DF42-4233-87DB-F11728BAFDEA}"
EndProject
Global
	GlobalSection(SolutionConfigurationPlatforms) = preSolution
		Debug|Any CPU = Debug|Any CPU
		Release|Any CPU = Release|Any CPU
	EndGlobalSection
	GlobalSection(ProjectConfigurationPlatforms) = postSolution
		{2E17C13B-DF42-4233-87DB-F11728BAFDEA}.Debug|Any CPU.ActiveCfg = Debug|Any CPU
		{2E17C13B-DF42-4233-87DB-F11728BAFDEA}.Debug|Any CPU.Build.0 = Debug|Any CPU
		{2E17C13B-DF42-4233-87DB-F11728BAFDEA}.Release|Any CPU.ActiveCfg = Release|Any CPU
		{2E17C13B-DF42-4233-87DB-F11728BAFDEA}.Release|Any CPU.Build.0 = Release|Any CPU
	EndGlobalSection
	GlobalSection(SolutionProperties) = preSolution
		HideSolutionNode = FALSE
	EndGlobalSection
	GlobalSection(ExtensibilityGlobals) = postSolution
		SolutionGuid = {02453DEE-9AD1-4225-B94E-AECAB1343FA5}
	EndGlobalSection
EndGlobal
